[[tools.actionlint]]
version = "1.7.7"
backend = "aqua:rhysd/actionlint"
env = ["hk"]

[[tools.go]]
version = "1.25.5"
backend = "core:go"
env = ["hk"]

[[tools."go:github.com/Zxilly/go-size-analyzer/cmd/gsa"]]
version = "1.10.2"
backend = "go:github.com/Zxilly/go-size-analyzer/cmd/gsa"
env = ["hk"]

[[tools."go:github.com/golangci/golangci-lint/cmd/golangci-lint"]]
version = "1.64.8"
backend = "go:github.com/golangci/golangci-lint/cmd/golangci-lint"
env = ["hk"]

[[tools."go:github.com/golangci/golines"]]
version = "0.14.0"
backend = "go:github.com/golangci/golines"
env = ["hk"]

[[tools."go:github.com/segmentio/golines"]]
version = "0.12.2"
backend = "go:github.com/segmentio/golines"
env = ["hk"]

[[tools.golangci-lint]]
version = "2.8.0"
backend = "aqua:golangci/golangci-lint"
env = ["hk"]

[[tools.hk]]
version = "0.8.2"
backend = "aqua:jdx/hk"
env = ["hk"]

[[tools.ls-lint]]
version = "2.3.0"
backend = "aqua:loeffel-io/ls-lint"
env = ["hk"]

[[tools."pipx:commitizen"]]
version = "4.10.0"
backend = "pipx:commitizen"
env = ["hk"]

[[tools."pipx:pre-commit-hooks"]]
version = "6.0.0"
backend = "pipx:pre-commit-hooks"
env = ["hk"]

[[tools."pipx:toml-sort"]]
version = "0.24.3"
backend = "pipx:toml-sort"
env = ["hk"]
